
Microsoft Visual Studio Solution File, Format Version 12.00
# Visual Studio Version 16
VisualStudioVersion = 16.0.28803.156
MinimumVisualStudioVersion = 10.0.40219.1
Project("{8BC9CEB8-8B4A-11D0-8D11-00A0C91BC942}") = "Enc_Dec_RSA", "Enc_Dec_RSA\Enc_Dec_RSA.vcxproj", "{AAC812C5-F8A9-4B78-8E0B-97DCFD89D22E}"
EndProject
Global
	GlobalSection(SolutionConfigurationPlatforms) = preSolution
		Debug|x64 = Debug|x64
		Debug|x86 = Debug|x86
		Release|x64 = Release|x64
		Release|x86 = Release|x86
	EndGlobalSection
	GlobalSection(ProjectConfigurationPlatforms) = postSolution
		{AAC812C5-F8A9-4B78-8E0B-97DCFD89D22E}.Debug|x64.ActiveCfg = Debug|x64
		{AAC812C5-F8A9-4B78-8E0B-97DCFD89D22E}.Debug|x64.Build.0 = Debug|x64
		{AAC812C5-F8A9-4B78-8E0B-97DCFD89D22E}.Debug|x86.ActiveCfg = Debug|Win32
		{AAC812C5-F8A9-4B78-8E0B-97DCFD89D22E}.Debug|x86.Build.0 = Debug|Win32
		{AAC812C5-F8A9-4B78-8E0B-97DCFD89D22E}.Release|x64.ActiveCfg = Release|x64
		{AAC812C5-F8A9-4B78-8E0B-97DCFD89D22E}.Release|x64.Build.0 = Release|x64
		{AAC812C5-F8A9-4B78-8E0B-97DCFD89D22E}.Release|x86.ActiveCfg = Release|Win32
		{AAC812C5-F8A9-4B78-8E0B-97DCFD89D22E}.Release|x86.Build.0 = Release|Win32
	EndGlobalSection
	GlobalSection(SolutionProperties) = preSolution
		HideSolutionNode = FALSE
	EndGlobalSection
	GlobalSection(ExtensibilityGlobals) = postSolution
		SolutionGuid = {7D480F83-46A6-4714-B553-7F33FEB7BEA0}
	EndGlobalSection
EndGlobal
